
Microsoft Visual Studio Solution File, Format Version 12.00
# Visual Studio Version 17
VisualStudioVersion = 17.10.34928.147
MinimumVisualStudioVersion = 10.0.40219.1
Project("{FAE04EC0-301F-11D3-BF4B-00C04F79EFBC}") = "SalesForcastApp", "SalesForcastApp\SalesForcastApp.csproj", "{388A0EC5-3231-46EF-9D74-78BF61524724}"
EndProject
Global
	GlobalSection(SolutionConfigurationPlatforms) = preSolution
		Debug|Any CPU = Debug|Any CPU
		Release|Any CPU = Release|Any CPU
	EndGlobalSection
	GlobalSection(ProjectConfigurationPlatforms) = postSolution
		{388A0EC5-3231-46EF-9D74-78BF61524724}.Debug|Any CPU.ActiveCfg = Debug|Any CPU
		{388A0EC5-3231-46EF-9D74-78BF61524724}.Debug|Any CPU.Build.0 = Debug|Any CPU
		{388A0EC5-3231-46EF-9D74-78BF61524724}.Release|Any CPU.ActiveCfg = Release|Any CPU
		{388A0EC5-3231-46EF-9D74-78BF61524724}.Release|Any CPU.Build.0 = Release|Any CPU
	EndGlobalSection
	GlobalSection(SolutionProperties) = preSolution
		HideSolutionNode = FALSE
	EndGlobalSection
	GlobalSection(ExtensibilityGlobals) = postSolution
		SolutionGuid = {240DBFF2-78D5-41D0-B3F6-BD893236C1BA}
	EndGlobalSection
EndGlobal
